
Microsoft Visual Studio Solution File, Format Version 12.00
# Visual Studio Version 17
VisualStudioVersion = 17.9.34728.123
MinimumVisualStudioVersion = 10.0.40219.1
Project("{9A19103F-16F7-4668-BE54-9A1E7A4F7556}") = "PlaywrightDemoCSharp", "PlaywrightDemoCSharp.csproj", "{4E655120-8210-41DE-B08F-01019AB13A7C}"
EndProject
Global
	GlobalSection(SolutionConfigurationPlatforms) = preSolution
		Debug|Any CPU = Debug|Any CPU
		Release|Any CPU = Release|Any CPU
	EndGlobalSection
	GlobalSection(ProjectConfigurationPlatforms) = postSolution
		{4E655120-8210-41DE-B08F-01019AB13A7C}.Debug|Any CPU.ActiveCfg = Debug|Any CPU
		{4E655120-8210-41DE-B08F-01019AB13A7C}.Debug|Any CPU.Build.0 = Debug|Any CPU
		{4E655120-8210-41DE-B08F-01019AB13A7C}.Release|Any CPU.ActiveCfg = Release|Any CPU
		{4E655120-8210-41DE-B08F-01019AB13A7C}.Release|Any CPU.Build.0 = Release|Any CPU
	EndGlobalSection
	GlobalSection(SolutionProperties) = preSolution
		HideSolutionNode = FALSE
	EndGlobalSection
	GlobalSection(ExtensibilityGlobals) = postSolution
		SolutionGuid = {A7AAF721-8EE3-473C-B7BB-29BEE677C4EF}
	EndGlobalSection
EndGlobal
